Microsoft Visual Studio Solution File, Format Version 12.00
# Visual Studio Version 17
VisualStudioVersion = 17.5.2.0
MinimumVisualStudioVersion = 10.0.40219.1
Project("{FAE04EC0-301F-11D3-BF4B-00C04F79EFBC}") = "CaretakerStories", "CaretakerStories.csproj", "{E649444B-E946-B4FD-50D0-702AD8BB991A}"
EndProject
Global
	GlobalSection(SolutionConfigurationPlatforms) = preSolution
		Debug|Any CPU = Debug|Any CPU
		Release|Any CPU = Release|Any CPU
	EndGlobalSection
	GlobalSection(ProjectConfigurationPlatforms) = postSolution
		{E649444B-E946-B4FD-50D0-702AD8BB991A}.Debug|Any CPU.ActiveCfg = Debug|Any CPU
		{E649444B-E946-B4FD-50D0-702AD8BB991A}.Debug|Any CPU.Build.0 = Debug|Any CPU
		{E649444B-E946-B4FD-50D0-702AD8BB991A}.Release|Any CPU.ActiveCfg = Release|Any CPU
		{E649444B-E946-B4FD-50D0-702AD8BB991A}.Release|Any CPU.Build.0 = Release|Any CPU
	EndGlobalSection
	GlobalSection(SolutionProperties) = preSolution
		HideSolutionNode = FALSE
	EndGlobalSection
	GlobalSection(ExtensibilityGlobals) = postSolution
		SolutionGuid = {99A533DE-FABB-40E5-91B1-769FE6D9264F}
	EndGlobalSection
EndGlobal
